
Microsoft Visual Studio Solution File, Format Version 12.00
# Visual Studio Version 16
VisualStudioVersion = 16.0.30611.23
MinimumVisualStudioVersion = 10.0.40219.1
Project("{FAE04EC0-301F-11D3-BF4B-00C04F79EFBC}") = "Question4", "Question4\Question4.csproj", "{CACA5767-97BB-4EF0-A3A7-54FEB85CDAE9}"
EndProject
Global
	GlobalSection(SolutionConfigurationPlatforms) = preSolution
		Debug|Any CPU = Debug|Any CPU
		Release|Any CPU = Release|Any CPU
	EndGlobalSection
	GlobalSection(ProjectConfigurationPlatforms) = postSolution
		{CACA5767-97BB-4EF0-A3A7-54FEB85CDAE9}.Debug|Any CPU.ActiveCfg = Debug|Any CPU
		{CACA5767-97BB-4EF0-A3A7-54FEB85CDAE9}.Debug|Any CPU.Build.0 = Debug|Any CPU
		{CACA5767-97BB-4EF0-A3A7-54FEB85CDAE9}.Release|Any CPU.ActiveCfg = Release|Any CPU
		{CACA5767-97BB-4EF0-A3A7-54FEB85CDAE9}.Release|Any CPU.Build.0 = Release|Any CPU
	EndGlobalSection
	GlobalSection(SolutionProperties) = preSolution
		HideSolutionNode = FALSE
	EndGlobalSection
	GlobalSection(ExtensibilityGlobals) = postSolution
		SolutionGuid = {23951CF7-D30E-4D9A-88EB-BE9599B37D75}
	EndGlobalSection
EndGlobal
